// !$*UTF8*$!
{
	archiveVersion = 1;
	classes = {
	};
	objectVersion = 50;
	objects = {

/* Begin PBXBuildFile section */
		D16BC482253FF3280024B5C5 /* AppDelegate.swift in Sources */ = {isa = PBXBuildFile; fileRef = D16BC481253FF3280024B5C5 /* AppDelegate.swift */; };
		D16BC484253FF3280024B5C5 /* SceneDelegate.swift in Sources */ = {isa = PBXBuildFile; fileRef = D16BC483253FF3280024B5C5 /* SceneDelegate.swift */; };
		D16BC486253FF3280024B5C5 /* ContentView.swift in Sources */ = {isa = PBXBuildFile; fileRef = D16BC485253FF3280024B5C5 /* ContentView.swift */; };
		D16BC488253FF32A0024B5C5 /* Assets.xcassets in Resources */ = {isa = PBXBuildFile; fileRef = D16BC487253FF32A0024B5C5 /* Assets.xcassets */; };
		D16BC48B253FF32A0024B5C5 /* Preview Assets.xcassets in Resources */ = {isa = PBXBuildFile; fileRef = D16BC48A253FF32A0024B5C5 /* Preview Assets.xcassets */; };
		D16BC48E253FF32A0024B5C5 /* LaunchScreen.storyboard in Resources */ = {isa = PBXBuildFile; fileRef = D16BC48C253FF32A0024B5C5 /* LaunchScreen.storyboard */; };
/* End PBXBuildFile section */

/* Begin PBXFileReference section */
		D16BC47E253FF3280024B5C5 /* Notifications-Demo.app */ = {isa = PBXFileReference; explicitFileType = wrapper.application; includeInIndex = 0; path = "Notifications-Demo.app"; sourceTree = BUILT_PRODUCTS_DIR; };
		D16BC481253FF3280024B5C5 /* AppDelegate.swift */ = {isa = PBXFileReference; lastKnownFileType = sourcecode.swift; path = AppDelegate.swift; sourceTree = "<group>"; };
		D16BC483253FF3280024B5C5 /* SceneDelegate.swift */ = {isa = PBXFileReference; lastKnownFileType = sourcecode.swift; path = SceneDelegate.swift; sourceTree = "<group>"; };
		D16BC485253FF3280024B5C5 /* ContentView.swift */ = {isa = PBXFileReference; lastKnownFileType = sourcecode.swift; path = ContentView.swift; sourceTree = "<group>"; };
		D16BC487253FF32A0024B5C5 /* Assets.xcassets */ = {isa = PBXFileReference; lastKnownFileType = folder.assetcatalog; path = Assets.xcassets; sourceTree = "<group>"; };
		D16BC48A253FF32A0024B5C5 /* Preview Assets.xcassets */ = {isa = PBXFileReference; lastKnownFileType = folder.assetcatalog; path = "Preview Assets.xcassets"; sourceTree = "<group>"; };
		D16BC48D253FF32A0024B5C5 /* Base */ = {isa = PBXFileReference; lastKnownFileType = file.storyboard; name = Base; path = Base.lproj/LaunchScreen.storyboard; sourceTree = "<group>"; };
		D16BC48F253FF32A0024B5C5 /* Info.plist */ = {isa = PBXFileReference; lastKnownFileType = text.plist.xml; path = Info.plist; sourceTree = "<group>"; };
/* End PBXFileReference section */

/* Begin PBXFrameworksBuildPhase section */
		D16BC47B253FF3280024B5C5 /* Frameworks */ = {
			isa = PBXFrameworksBuildPhase;
			buildActionMask = 2147483647;
			files = (
			);
			runOnlyForDeploymentPostprocessing = 0;
		};
/* End PBXFrameworksBuildPhase section */

/* Begin PBXGroup section */
		D16BC475253FF3280024B5C5 = {
			isa = PBXGroup;
			children = (
				D16BC480253FF3280024B5C5 /* Notifications-Demo */,
				D16BC47F253FF3280024B5C5 /* Products */,
			);
			sourceTree = "<group>";
		};
		D16BC47F253FF3280024B5C5 /* Products */ = {
			isa = PBXGroup;
			children = (
				D16BC47E253FF3280024B5C5 /* Notifications-Demo.app */,
			);
			name = Products;
			sourceTree = "<group>";
		};
		D16BC480253FF3280024B5C5 /* Notifications-Demo */ = {
			isa = PBXGroup;
			children = (
				D16BC481253FF3280024B5C5 /* AppDelegate.swift */,
				D16BC483253FF3280024B5C5 /* SceneDelegate.swift */,
				D16BC485253FF3280024B5C5 /* ContentView.swift */,
				D16BC487253FF32A0024B5C5 /* Assets.xcassets */,
				D16BC48C253FF32A0024B5C5 /* LaunchScreen.storyboard */,
				D16BC48F253FF32A0024B5C5 /* Info.plist */,
				D16BC489253FF32A0024B5C5 /* Preview Content */,
			);
			path = "Notifications-Demo";
			sourceTree = "<group>";
		};
		D16BC489253FF32A0024B5C5 /* Preview Content */ = {
			isa = PBXGroup;
			children = (
				D16BC48A253FF32A0024B5C5 /* Preview Assets.xcassets */,
			);
			path = "Preview Content";
			sourceTree = "<group>";
		};
/* End PBXGroup section */

/* Begin PBXNativeTarget section */
		D16BC47D253FF3280024B5C5 /* Notifications-Demo */ = {
			isa = PBXNativeTarget;
			buildConfigurationList = D16BC492253FF32A0024B5C5 /* Build configuration list for PBXNativeTarget "Notifications-Demo" */;
			buildPhases = (
				D16BC47A253FF3280024B5C5 /* Sources */,
				D16BC47B253FF3280024B5C5 /* Frameworks */,
				D16BC47C253FF3280024B5C5 /* Resources */,
			);
			buildRules = (
			);
			dependencies = (
			);
			name = "Notifications-Demo";
			productName = "Notifications-Demo";
			productReference = D16BC47E253FF3280024B5C5 /* Notifications-Demo.app */;
			productType = "com.apple.product-type.application";
		};
/* End PBXNativeTarget section */

/* Begin PBXProject section */
		D16BC476253FF3280024B5C5 /* Project object */ = {
			isa = PBXProject;
			attributes = {
				LastSwiftUpdateCheck = 1200;
				LastUpgradeCheck = 1200;
				TargetAttributes = {
					D16BC47D253FF3280024B5C5 = {
						CreatedOnToolsVersion = 12.0.1;
					};
				};
			};
			buildConfigurationList = D16BC479253FF3280024B5C5 /* Build configuration list for PBXProject "Notifications-Demo" */;
			compatibilityVersion = "Xcode 9.3";
			developmentRegion = en;
			hasScannedForEncodings = 0;
			knownRegions = (
				en,
				Base,
			);
			mainGroup = D16BC475253FF3280024B5C5;
			productRefGroup = D16BC47F253FF3280024B5C5 /* Products */;
			projectDirPath = "";
			projectRoot = "";
			targets = (
				D16BC47D253FF3280024B5C5 /* Notifications-Demo */,
			);
		};
/* End PBXProject section */

/* Begin PBXResourcesBuildPhase section */
		D16BC47C253FF3280024B5C5 /* Resources */ = {
			isa = PBXResourcesBuildPhase;
			buildActionMask = 2147483647;
			files = (
				D16BC48E253FF32A0024B5C5 /* LaunchScreen.storyboard in Resources */,
				D16BC48B253FF32A0024B5C5 /* Preview Assets.xcassets in Resources */,
				D16BC488253FF32A0024B5C5 /* Assets.xcassets in Resources */,
			);
			runOnlyForDeploymentPostprocessing = 0;
		};
/* End PBXResourcesBuildPhase section */

/* Begin PBXSourcesBuildPhase section */
		D16BC47A253FF3280024B5C5 /* Sources */ = {
			isa = PBXSourcesBuildPhase;
			buildActionMask = 2147483647;
			files = (
				D16BC482253FF3280024B5C5 /* AppDelegate.swift in Sources */,
				D16BC484253FF3280024B5C5 /* SceneDelegate.swift in Sources */,
				D16BC486253FF3280024B5C5 /* ContentView.swift in Sources */,
			);
			runOnlyForDeploymentPostprocessing = 0;
		};
/* End PBXSourcesBuildPhase section */

/* Begin PBXVariantGroup section */
		D16BC48C253FF32A0024B5C5 /* LaunchScreen.storyboard */ = {
			isa = PBXVariantGroup;
			children = (
				D16BC48D253FF32A0024B5C5 /* Base */,
			);
			name = LaunchScreen.storyboard;
			sourceTree = "<group>";
		};
/* End PBXVariantGroup section */

/* Begin XCBuildConfiguration section */
		D16BC490253FF32A0024B5C5 /* Debug */ = {
			isa = XCBuildConfiguration;
			buildSettings = {
				ALWAYS_SEARCH_USER_PATHS = NO;
				CLANG_ANALYZER_NONNULL = YES;
				CLANG_ANALYZER_NUMBER_OBJECT_CONVERSION = YES_AGGRESSIVE;
				CLANG_CXX_LANGUAGE_STANDARD = "gnu++14";
				CLANG_CXX_LIBRARY = "libc++";
				CLANG_ENABLE_MODULES = YES;
				CLANG_ENABLE_OBJC_ARC = YES;
				CLANG_ENABLE_OBJC_WEAK = YES;
				CLANG_WARN_BLOCK_CAPTURE_AUTORELEASING = YES;
				CLANG_WARN_BOOL_CONVERSION = YES;
				CLANG_WARN_COMMA = YES;
				CLANG_WARN_CONSTANT_CONVERSION = YES;
				CLANG_WARN_DEPRECATED_OBJC_IMPLEMENTATIONS = YES;
				CLANG_WARN_DIRECT_OBJC_ISA_USAGE = YES_ERROR;
				CLANG_WARN_DOCUMENTATION_COMMENTS = YES;
				CLANG_WARN_EMPTY_BODY = YES;
				CLANG_WARN_ENUM_CONVERSION = YES;
				CLANG_WARN_INFINITE_RECURSION = YES;
				CLANG_WARN_INT_CONVERSION = YES;
				CLANG_WARN_NON_LITERAL_NULL_CONVERSION = YES;
				CLANG_WARN_OBJC_IMPLICIT_RETAIN_SELF = YES;
				CLANG_WARN_OBJC_LITERAL_CONVERSION = YES;
				CLANG_WARN_OBJC_ROOT_CLASS = YES_ERROR;
				CLANG_WARN_QUOTED_INCLUDE_IN_FRAMEWORK_HEADER = YES;
				CLANG_WARN_RANGE_LOOP_ANALYSIS = YES;
				CLANG_WARN_STRICT_PROTOTYPES = YES;
				CLANG_WARN_SUSPICIOUS_MOVE = YES;
				CLANG_WARN_UNGUARDED_AVAILABILITY = YES_AGGRESSIVE;
				CLANG_WARN_UNREACHABLE_CODE = YES;
				CLANG_WARN__DUPLICATE_METHOD_MATCH = YES;
				COPY_PHASE_STRIP = NO;
				DEBUG_INFORMATION_FORMAT = dwarf;
				ENABLE_STRICT_OBJC_MSGSEND = YES;
				ENABLE_TESTABILITY = YES;
				GCC_C_LANGUAGE_STANDARD = gnu11;
				GCC_DYNAMIC_NO_PIC = NO;
				GCC_NO_COMMON_BLOCKS = YES;
				GCC_OPTIMIZATION_LEVEL = 0;
				GCC_PREPROCESSOR_DEFINITIONS = (
					"DEBUG=1",
					"$(inherited)",
				);
				GCC_WARN_64_TO_32_BIT_CONVERSION = YES;
				GCC_WARN_ABOUT_RETURN_TYPE = YES_ERROR;
				GCC_WARN_UNDECLARED_SELECTOR = YES;
				GCC_WARN_UNINITIALIZED_AUTOS = YES_AGGRESSIVE;
				GCC_WARN_UNUSED_FUNCTION = YES;
				GCC_WARN_UNUSED_VARIABLE = YES;
				IPHONEOS_DEPLOYMENT_TARGET = 14.0;
				MTL_ENABLE_DEBUG_INFO = INCLUDE_SOURCE;
				MTL_FAST_MATH = YES;
				ONLY_ACTIVE_ARCH = YES;
				SDKROOT = iphoneos;
				SWIFT_ACTIVE_COMPILATION_CONDITIONS = DEBUG;
				SWIFT_OPTIMIZATION_LEVEL = "-Onone";
			};
			name = Debug;
		};
		D16BC491253FF32A0024B5C5 /* Release */ = {
			isa = XCBuildConfiguration;
			buildSettings = {
				ALWAYS_SEARCH_USER_PATHS = NO;
				CLANG_ANALYZER_NONNULL = YES;
				CLANG_ANALYZER_NUMBER_OBJECT_CONVERSION = YES_AGGRESSIVE;
				CLANG_CXX_LANGUAGE_STANDARD = "gnu++14";
				CLANG_CXX_LIBRARY = "libc++";
				CLANG_ENABLE_MODULES = YES;
				CLANG_ENABLE_OBJC_ARC = YES;
				CLANG_ENABLE_OBJC_WEAK = YES;
				CLANG_WARN_BLOCK_CAPTURE_AUTORELEASING = YES;
				CLANG_WARN_BOOL_CONVERSION = YES;
				CLANG_WARN_COMMA = YES;
				CLANG_WARN_CONSTANT_CONVERSION = YES;
				CLANG_WARN_DEPRECATED_OBJC_IMPLEMENTATIONS = YES;
				CLANG_WARN_DIRECT_OBJC_ISA_USAGE = YES_ERROR;
				CLANG_WARN_DOCUMENTATION_COMMENTS = YES;
				CLANG_WARN_EMPTY_BODY = YES;
				CLANG_WARN_ENUM_CONVERSION = YES;
				CLANG_WARN_INFINITE_RECURSION = YES;
				CLANG_WARN_INT_CONVERSION = YES;
				CLANG_WARN_NON_LITERAL_NULL_CONVERSION = YES;
				CLANG_WARN_OBJC_IMPLICIT_RETAIN_SELF = YES;
				CLANG_WARN_OBJC_LITERAL_CONVERSION = YES;
				CLANG_WARN_OBJC_ROOT_CLASS = YES_ERROR;
				CLANG_WARN_QUOTED_INCLUDE_IN_FRAMEWORK_HEADER = YES;
				CLANG_WARN_RANGE_LOOP_ANALYSIS = YES;
				CLANG_WARN_STRICT_PROTOTYPES = YES;
				CLANG_WARN_SUSPICIOUS_MOVE = YES;
				CLANG_WARN_UNGUARDED_AVAILABILITY = YES_AGGRESSIVE;
				CLANG_WARN_UNREACHABLE_CODE = YES;
				CLANG_WARN__DUPLICATE_METHOD_MATCH = YES;
				COPY_PHASE_STRIP = NO;
				DEBUG_INFORMATION_FORMAT = "dwarf-with-dsym";
				ENABLE_NS_ASSERTIONS = NO;
				ENABLE_STRICT_OBJC_MSGSEND = YES;
				GCC_C_LANGUAGE_STANDARD = gnu11;
				GCC_NO_COMMON_BLOCKS = YES;
				GCC_WARN_64_TO_32_BIT_CONVERSION = YES;
				GCC_WARN_ABOUT_RETURN_TYPE = YES_ERROR;
				GCC_WARN_UNDECLARED_SELECTOR = YES;
				GCC_WARN_UNINITIALIZED_AUTOS = YES_AGGRESSIVE;
				GCC_WARN_UNUSED_FUNCTION = YES;
				GCC_WARN_UNUSED_VARIABLE = YES;
				IPHONEOS_DEPLOYMENT_TARGET = 14.0;
				MTL_ENABLE_DEBUG_INFO = NO;
				MTL_FAST_MATH = YES;
				SDKROOT = iphoneos;
				SWIFT_COMPILATION_MODE = wholemodule;
				SWIFT_OPTIMIZATION_LEVEL = "-O";
				VALIDATE_PRODUCT = YES;
			};
			name = Release;
		};
		D16BC493253FF32A0024B5C5 /* Debug */ = {
			isa = XCBuildConfiguration;
			buildSettings = {
				ASSETCATALOG_COMPILER_APPICON_NAME = AppIcon;
				ASSETCATALOG_COMPILER_GLOBAL_ACCENT_COLOR_NAME = AccentColor;
				CODE_SIGN_STYLE = Automatic;
				DEVELOPMENT_ASSET_PATHS = "\"Notifications-Demo/Preview Content\"";
				DEVELOPMENT_TEAM = WCTUNB2T49;
				ENABLE_PREVIEWS = YES;
				INFOPLIST_FILE = "Notifications-Demo/Info.plist";
				LD_RUNPATH_SEARCH_PATHS = (
					"$(inherited)",
					"@executable_path/Frameworks",
				);
				PRODUCT_BUNDLE_IDENTIFIER = "com.stevhen.Notifications-Demo";
				PRODUCT_NAME = "$(TARGET_NAME)";
				SWIFT_VERSION = 5.0;
				TARGETED_DEVICE_FAMILY = "1,2";
			};
			name = Debug;
		};
		D16BC494253FF32A0024B5C5 /* Release */ = {
			isa = XCBuildConfiguration;
			buildSettings = {
				ASSETCATALOG_COMPILER_APPICON_NAME = AppIcon;
				ASSETCATALOG_COMPILER_GLOBAL_ACCENT_COLOR_NAME = AccentColor;
				CODE_SIGN_STYLE = Automatic;
				DEVELOPMENT_ASSET_PATHS = "\"Notifications-Demo/Preview Content\"";
				DEVELOPMENT_TEAM = WCTUNB2T49;
				ENABLE_PREVIEWS = YES;
				INFOPLIST_FILE = "Notifications-Demo/Info.plist";
				LD_RUNPATH_SEARCH_PATHS = (
					"$(inherited)",
					"@executable_path/Frameworks",
				);
				PRODUCT_BUNDLE_IDENTIFIER = "com.stevhen.Notifications-Demo";
				PRODUCT_NAME = "$(TARGET_NAME)";
				SWIFT_VERSION = 5.0;
				TARGETED_DEVICE_FAMILY = "1,2";
			};
			name = Release;
		};
/* End XCBuildConfiguration section */

/* Begin XCConfigurationList section */
		D16BC479253FF3280024B5C5 /* Build configuration list for PBXProject "Notifications-Demo" */ = {
			isa = XCConfigurationList;
			buildConfigurations = (
				D16BC490253FF32A0024B5C5 /* Debug */,
				D16BC491253FF32A0024B5C5 /* Release */,
			);
			defaultConfigurationIsVisible = 0;
			defaultConfigurationName = Release;
		};
		D16BC492253FF32A0024B5C5 /* Build configuration list for PBXNativeTarget "Notifications-Demo" */ = {
			isa = XCConfigurationList;
			buildConfigurations = (
				D16BC493253FF32A0024B5C5 /* Debug */,
				D16BC494253FF32A0024B5C5 /* Release */,
			);
			defaultConfigurationIsVisible = 0;
			defaultConfigurationName = Release;
		};
/* End XCConfigurationList section */
	};
	rootObject = D16BC476253FF3280024B5C5 /* Project object */;
}
